
Microsoft Visual Studio Solution File, Format Version 12.00
# Visual Studio 15
VisualStudioVersion = 15.0.26730.12
MinimumVisualStudioVersion = 10.0.40219.1
Project("{FAE04EC0-301F-11D3-BF4B-00C04F79EFBC}") = "OOTP15", "OOTP15\OOTP15.csproj", "{D0C646DC-1081-40BB-8491-9CBAD05A07A5}"
EndProject
Global
	GlobalSection(SolutionConfigurationPlatforms) = preSolution
		Debug|Any CPU = Debug|Any CPU
		Release|Any CPU = Release|Any CPU
	EndGlobalSection
	GlobalSection(ProjectConfigurationPlatforms) = postSolution
		{D0C646DC-1081-40BB-8491-9CBAD05A07A5}.Debug|Any CPU.ActiveCfg = Debug|Any CPU
		{D0C646DC-1081-40BB-8491-9CBAD05A07A5}.Debug|Any CPU.Build.0 = Debug|Any CPU
		{D0C646DC-1081-40BB-8491-9CBAD05A07A5}.Release|Any CPU.ActiveCfg = Release|Any CPU
		{D0C646DC-1081-40BB-8491-9CBAD05A07A5}.Release|Any CPU.Build.0 = Release|Any CPU
	EndGlobalSection
	GlobalSection(SolutionProperties) = preSolution
		HideSolutionNode = FALSE
	EndGlobalSection
	GlobalSection(ExtensibilityGlobals) = postSolution
		SolutionGuid = {C8F105D3-BB17-4C9C-AAA2-33FA97AC581F}
	EndGlobalSection
EndGlobal
