
Microsoft Visual Studio Solution File, Format Version 12.00
# Visual Studio 15
VisualStudioVersion = 15.0.26730.12
MinimumVisualStudioVersion = 10.0.40219.1
Project("{FAE04EC0-301F-11D3-BF4B-00C04F79EFBC}") = "OOTP13", "OOTP13\OOTP13.csproj", "{F3E32870-53F4-47BD-8858-E470EDB8F4A5}"
EndProject
Global
	GlobalSection(SolutionConfigurationPlatforms) = preSolution
		Debug|Any CPU = Debug|Any CPU
		Release|Any CPU = Release|Any CPU
	EndGlobalSection
	GlobalSection(ProjectConfigurationPlatforms) = postSolution
		{F3E32870-53F4-47BD-8858-E470EDB8F4A5}.Debug|Any CPU.ActiveCfg = Debug|Any CPU
		{F3E32870-53F4-47BD-8858-E470EDB8F4A5}.Debug|Any CPU.Build.0 = Debug|Any CPU
		{F3E32870-53F4-47BD-8858-E470EDB8F4A5}.Release|Any CPU.ActiveCfg = Release|Any CPU
		{F3E32870-53F4-47BD-8858-E470EDB8F4A5}.Release|Any CPU.Build.0 = Release|Any CPU
	EndGlobalSection
	GlobalSection(SolutionProperties) = preSolution
		HideSolutionNode = FALSE
	EndGlobalSection
	GlobalSection(ExtensibilityGlobals) = postSolution
		SolutionGuid = {E91FFE36-70C0-4F5D-8F2E-4FAA7720E15D}
	EndGlobalSection
EndGlobal
